
Microsoft Visual Studio Solution File, Format Version 12.00
# Visual Studio Version 17
VisualStudioVersion = 17.11.35303.130
MinimumVisualStudioVersion = 10.0.40219.1
Project("{FAE04EC0-301F-11D3-BF4B-00C04F79EFBC}") = "ScrapsAndScholars.Server", "ScrapsAndScholars.Server\ScrapsAndScholars.Server.csproj", "{5E5ED4BC-3AD9-4563-9026-7C9F6EB369D6}"
EndProject
Project("{54A90642-561A-4BB1-A94E-469ADEE60C69}") = "scrapsandscholars.client", "scrapsandscholars.client\scrapsandscholars.client.esproj", "{D2391DB5-3030-4BFC-9B6A-47464B5E8ED3}"
EndProject
Global
	GlobalSection(SolutionConfigurationPlatforms) = preSolution
		Debug|Any CPU = Debug|Any CPU
		Release|Any CPU = Release|Any CPU
	EndGlobalSection
	GlobalSection(ProjectConfigurationPlatforms) = postSolution
		{5E5ED4BC-3AD9-4563-9026-7C9F6EB369D6}.Debug|Any CPU.ActiveCfg = Debug|Any CPU
		{5E5ED4BC-3AD9-4563-9026-7C9F6EB369D6}.Debug|Any CPU.Build.0 = Debug|Any CPU
		{5E5ED4BC-3AD9-4563-9026-7C9F6EB369D6}.Release|Any CPU.ActiveCfg = Release|Any CPU
		{5E5ED4BC-3AD9-4563-9026-7C9F6EB369D6}.Release|Any CPU.Build.0 = Release|Any CPU
		{D2391DB5-3030-4BFC-9B6A-47464B5E8ED3}.Debug|Any CPU.ActiveCfg = Debug|Any CPU
		{D2391DB5-3030-4BFC-9B6A-47464B5E8ED3}.Debug|Any CPU.Build.0 = Debug|Any CPU
		{D2391DB5-3030-4BFC-9B6A-47464B5E8ED3}.Debug|Any CPU.Deploy.0 = Debug|Any CPU
		{D2391DB5-3030-4BFC-9B6A-47464B5E8ED3}.Release|Any CPU.ActiveCfg = Release|Any CPU
		{D2391DB5-3030-4BFC-9B6A-47464B5E8ED3}.Release|Any CPU.Build.0 = Release|Any CPU
		{D2391DB5-3030-4BFC-9B6A-47464B5E8ED3}.Release|Any CPU.Deploy.0 = Release|Any CPU
	EndGlobalSection
	GlobalSection(SolutionProperties) = preSolution
		HideSolutionNode = FALSE
	EndGlobalSection
	GlobalSection(ExtensibilityGlobals) = postSolution
		SolutionGuid = {7FC753EC-243F-4FDA-A0C9-B93F802B6BDD}
	EndGlobalSection
EndGlobal
